{
  "name": "cli-uwu",
  "version": "1.0.0",
  "lockfileVersion": 2,
  "requires": true,
  "packages": {
    "": {
      "name": "cli-uwu",
      "version": "1.0.0",
      "dependencies": {
        "@zuzak/owo": "^1.14.1",
        "readline": "^1.3.0"
      },
      "bin": {
        "cli-uwu": "index.js"
      }
    },
    "node_modules/@zuzak/owo": {
      "version": "1.14.1",
      "resolved": "https://registry.npmjs.org/@zuzak/owo/-/owo-1.14.1.tgz",
      "integrity": "sha512-GFzc2awTZDhV88iYGQPUakVmu5sIOBVW9pN1wxyVY6KaEFkSbu/jLX4/9oExPaNb7Xeckjj1xkyShUkn0tkZ4g==",
      "dependencies": {
        "random-item": "^1.0.0",
        "replace-string": "^2.0.0"
      }
    },
    "node_modules/random-item": {
      "version": "1.0.0",
      "resolved": "https://registry.npmjs.org/random-item/-/random-item-1.0.0.tgz",
      "integrity": "sha1-Fu4xYmywUMihaGpfD0KmuZoqrxE=",
      "engines": {
        "node": ">=0.10.0"
      }
    },
    "node_modules/readline": {
      "version": "1.3.0",
      "resolved": "https://registry.npmjs.org/readline/-/readline-1.3.0.tgz",
      "integrity": "sha1-xYDXfvLPyHUrEySYBg3JeTp6wBw="
    },
    "node_modules/replace-string": {
      "version": "2.0.0",
      "resolved": "https://registry.npmjs.org/replace-string/-/replace-string-2.0.0.tgz",
      "integrity": "sha512-e6cHLIPJeIReWRcKFXdGC2bVR9dC4Bdwf2LIhzefHNPNR5ob90LtopHVGisQmaYEVfEtB945lmTA8B+e2lMJvQ==",
      "engines": {
        "node": ">=6"
      }
    }
  },
  "dependencies": {
    "@zuzak/owo": {
      "version": "1.14.1",
      "resolved": "https://registry.npmjs.org/@zuzak/owo/-/owo-1.14.1.tgz",
      "integrity": "sha512-GFzc2awTZDhV88iYGQPUakVmu5sIOBVW9pN1wxyVY6KaEFkSbu/jLX4/9oExPaNb7Xeckjj1xkyShUkn0tkZ4g==",
      "requires": {
        "random-item": "^1.0.0",
        "replace-string": "^2.0.0"
      }
    },
    "random-item": {
      "version": "1.0.0",
      "resolved": "https://registry.npmjs.org/random-item/-/random-item-1.0.0.tgz",
      "integrity": "sha1-Fu4xYmywUMihaGpfD0KmuZoqrxE="
    },
    "readline": {
      "version": "1.3.0",
      "resolved": "https://registry.npmjs.org/readline/-/readline-1.3.0.tgz",
      "integrity": "sha1-xYDXfvLPyHUrEySYBg3JeTp6wBw="
    },
    "replace-string": {
      "version": "2.0.0",
      "resolved": "https://registry.npmjs.org/replace-string/-/replace-string-2.0.0.tgz",
      "integrity": "sha512-e6cHLIPJeIReWRcKFXdGC2bVR9dC4Bdwf2LIhzefHNPNR5ob90LtopHVGisQmaYEVfEtB945lmTA8B+e2lMJvQ=="
    }
  }
}
